
Microsoft Visual Studio Solution File, Format Version 12.00
# Visual Studio Version 17
VisualStudioVersion = 17.6.33829.357
MinimumVisualStudioVersion = 10.0.40219.1
Project("{9A19103F-16F7-4668-BE54-9A1E7A4F7556}") = "UI", "UI.csproj", "{A72629ED-6442-474D-AE20-AB3899A37FF2}"
EndProject
Project("{9A19103F-16F7-4668-BE54-9A1E7A4F7556}") = "DomainModel", "..\DomainModel\DomainModel.csproj", "{B48EF293-E292-4F1D-B144-0E05D0ED8BCA}"
EndProject
Project("{9A19103F-16F7-4668-BE54-9A1E7A4F7556}") = "Repository", "..\Repository\Repository.csproj", "{142BE848-C617-45C0-9D6F-011134EC25B9}"
EndProject
Project("{9A19103F-16F7-4668-BE54-9A1E7A4F7556}") = "Services", "..\Services\Services.csproj", "{0D06F1B1-7955-42C4-B6F8-76D4EF569301}"
EndProject
Project("{2150E333-8FDC-42A3-9474-1A3956D46DE8}") = "Solution Items", "Solution Items", "{F286D872-8005-4CAC-970B-14CDE9A82A6A}"
	ProjectSection(SolutionItems) = preProject
		.editorconfig = .editorconfig
	EndProjectSection
EndProject
Global
	GlobalSection(SolutionConfigurationPlatforms) = preSolution
		Debug|Any CPU = Debug|Any CPU
		Release|Any CPU = Release|Any CPU
	EndGlobalSection
	GlobalSection(ProjectConfigurationPlatforms) = postSolution
		{A72629ED-6442-474D-AE20-AB3899A37FF2}.Debug|Any CPU.ActiveCfg = Debug|Any CPU
		{A72629ED-6442-474D-AE20-AB3899A37FF2}.Debug|Any CPU.Build.0 = Debug|Any CPU
		{A72629ED-6442-474D-AE20-AB3899A37FF2}.Release|Any CPU.ActiveCfg = Release|Any CPU
		{A72629ED-6442-474D-AE20-AB3899A37FF2}.Release|Any CPU.Build.0 = Release|Any CPU
		{B48EF293-E292-4F1D-B144-0E05D0ED8BCA}.Debug|Any CPU.ActiveCfg = Debug|Any CPU
		{B48EF293-E292-4F1D-B144-0E05D0ED8BCA}.Debug|Any CPU.Build.0 = Debug|Any CPU
		{B48EF293-E292-4F1D-B144-0E05D0ED8BCA}.Release|Any CPU.ActiveCfg = Release|Any CPU
		{B48EF293-E292-4F1D-B144-0E05D0ED8BCA}.Release|Any CPU.Build.0 = Release|Any CPU
		{142BE848-C617-45C0-9D6F-011134EC25B9}.Debug|Any CPU.ActiveCfg = Debug|Any CPU
		{142BE848-C617-45C0-9D6F-011134EC25B9}.Debug|Any CPU.Build.0 = Debug|Any CPU
		{142BE848-C617-45C0-9D6F-011134EC25B9}.Release|Any CPU.ActiveCfg = Release|Any CPU
		{142BE848-C617-45C0-9D6F-011134EC25B9}.Release|Any CPU.Build.0 = Release|Any CPU
		{0D06F1B1-7955-42C4-B6F8-76D4EF569301}.Debug|Any CPU.ActiveCfg = Debug|Any CPU
		{0D06F1B1-7955-42C4-B6F8-76D4EF569301}.Debug|Any CPU.Build.0 = Debug|Any CPU
		{0D06F1B1-7955-42C4-B6F8-76D4EF569301}.Release|Any CPU.ActiveCfg = Release|Any CPU
		{0D06F1B1-7955-42C4-B6F8-76D4EF569301}.Release|Any CPU.Build.0 = Release|Any CPU
	EndGlobalSection
	GlobalSection(SolutionProperties) = preSolution
		HideSolutionNode = FALSE
	EndGlobalSection
	GlobalSection(ExtensibilityGlobals) = postSolution
		SolutionGuid = {44E3CB75-F176-41A7-9902-C84FC6076D4E}
	EndGlobalSection
EndGlobal
